
Microsoft Visual Studio Solution File, Format Version 12.00
# Visual Studio Version 16
VisualStudioVersion = 16.0.28803.352
MinimumVisualStudioVersion = 10.0.40219.1
Project("{FAE04EC0-301F-11D3-BF4B-00C04F79EFBC}") = "NotPatRichard", "NotPatRichard\NotPatRichard.csproj", "{16B772E6-0AC9-46A7-A8B0-5BB185CE582C}"
EndProject
Global
	GlobalSection(SolutionConfigurationPlatforms) = preSolution
		Debug|Any CPU = Debug|Any CPU
		Release|Any CPU = Release|Any CPU
	EndGlobalSection
	GlobalSection(ProjectConfigurationPlatforms) = postSolution
		{16B772E6-0AC9-46A7-A8B0-5BB185CE582C}.Debug|Any CPU.ActiveCfg = Debug|Any CPU
		{16B772E6-0AC9-46A7-A8B0-5BB185CE582C}.Debug|Any CPU.Build.0 = Debug|Any CPU
		{16B772E6-0AC9-46A7-A8B0-5BB185CE582C}.Release|Any CPU.ActiveCfg = Release|Any CPU
		{16B772E6-0AC9-46A7-A8B0-5BB185CE582C}.Release|Any CPU.Build.0 = Release|Any CPU
	EndGlobalSection
	GlobalSection(SolutionProperties) = preSolution
		HideSolutionNode = FALSE
	EndGlobalSection
	GlobalSection(ExtensibilityGlobals) = postSolution
		SolutionGuid = {C59C6442-6A1D-444C-BB02-61CA72015D5C}
	EndGlobalSection
EndGlobal
